{
  "object": {
    "pins": [
      {
        "package": "Alamofire",
        "repositoryURL": "https://github.com/Alamofire/Alamofire.git",
        "state": {
          "branch": null,
          "revision": "b02c4ee7f1659090f7ac543c022f922beeb04bc6",
          "version": "5.0.2"
        }
      },
      {
        "package": "CodeScanner",
        "repositoryURL": "https://github.com/twostraws/CodeScanner.git",
        "state": {
          "branch": null,
          "revision": "0519543ae943db85b360a96962242887daeca2b5",
          "version": "1.0.3"
        }
      }
    ]
  },
  "version": 1
}
