// !$*UTF8*$!
{
	archiveVersion = 1;
	classes = {
	};
	objectVersion = 55;
	objects = {

/* Begin PBXBuildFile section */
		835F4F9E2725CC7300CCD91D /* Assets.xcassets in Resources */ = {isa = PBXBuildFile; fileRef = 835F4F9D2725CC7300CCD91D /* Assets.xcassets */; };
		835F4FA12725CC7300CCD91D /* Preview Assets.xcassets in Resources */ = {isa = PBXBuildFile; fileRef = 835F4FA02725CC7300CCD91D /* Preview Assets.xcassets */; };
		835F4FAB2725CCB500CCD91D /* AccountService.swift in Sources */ = {isa = PBXBuildFile; fileRef = 835F4FA82725CCB500CCD91D /* AccountService.swift */; };
		835F4FAC2725CCB500CCD91D /* TransactionService.swift in Sources */ = {isa = PBXBuildFile; fileRef = 835F4FA92725CCB500CCD91D /* TransactionService.swift */; };
		835F4FAD2725CCB500CCD91D /* TokenService.swift in Sources */ = {isa = PBXBuildFile; fileRef = 835F4FAA2725CCB500CCD91D /* TokenService.swift */; };
		835F4FB42725CCFC00CCD91D /* Config.swift in Sources */ = {isa = PBXBuildFile; fileRef = 835F4FAE2725CCFC00CCD91D /* Config.swift */; };
		835F4FB52725CCFC00CCD91D /* ScannerView.swift in Sources */ = {isa = PBXBuildFile; fileRef = 835F4FAF2725CCFC00CCD91D /* ScannerView.swift */; };
		835F4FB62725CCFC00CCD91D /* TransactionsView.swift in Sources */ = {isa = PBXBuildFile; fileRef = 835F4FB02725CCFC00CCD91D /* TransactionsView.swift */; };
		835F4FB72725CCFC00CCD91D /* AccountView.swift in Sources */ = {isa = PBXBuildFile; fileRef = 835F4FB12725CCFC00CCD91D /* AccountView.swift */; };
		835F4FB82725CCFC00CCD91D /* Authentication.swift in Sources */ = {isa = PBXBuildFile; fileRef = 835F4FB22725CCFC00CCD91D /* Authentication.swift */; };
		835F4FB92725CCFC00CCD91D /* LommepengerApp.swift in Sources */ = {isa = PBXBuildFile; fileRef = 835F4FB32725CCFC00CCD91D /* LommepengerApp.swift */; };
		835F4FBC2725CD5200CCD91D /* Alamofire in Frameworks */ = {isa = PBXBuildFile; productRef = 835F4FBB2725CD5200CCD91D /* Alamofire */; };
		835F4FBF2725CD7200CCD91D /* CodeScanner in Frameworks */ = {isa = PBXBuildFile; productRef = 835F4FBE2725CD7200CCD91D /* CodeScanner */; };
		835F4FC62725CEE600CCD91D /* KeychainSwift in Frameworks */ = {isa = PBXBuildFile; productRef = 835F4FC52725CEE600CCD91D /* KeychainSwift */; };
		835F4FC82725CF3100CCD91D /* ContentView.swift in Sources */ = {isa = PBXBuildFile; fileRef = 835F4FC72725CF3100CCD91D /* ContentView.swift */; };
/* End PBXBuildFile section */

/* Begin PBXFileReference section */
		832D2C7B2725F57200635B2E /* Info.plist */ = {isa = PBXFileReference; lastKnownFileType = text.plist; path = Info.plist; sourceTree = "<group>"; };
		835F4F962725CC7200CCD91D /* Lommepenger.app */ = {isa = PBXFileReference; explicitFileType = wrapper.application; includeInIndex = 0; path = Lommepenger.app; sourceTree = BUILT_PRODUCTS_DIR; };
		835F4F9D2725CC7300CCD91D /* Assets.xcassets */ = {isa = PBXFileReference; lastKnownFileType = folder.assetcatalog; path = Assets.xcassets; sourceTree = "<group>"; };
		835F4FA02725CC7300CCD91D /* Preview Assets.xcassets */ = {isa = PBXFileReference; lastKnownFileType = folder.assetcatalog; path = "Preview Assets.xcassets"; sourceTree = "<group>"; };
		835F4FA82725CCB500CCD91D /* AccountService.swift */ = {isa = PBXFileReference; fileEncoding = 4; lastKnownFileType = sourcecode.swift; path = AccountService.swift; sourceTree = "<group>"; };
		835F4FA92725CCB500CCD91D /* TransactionService.swift */ = {isa = PBXFileReference; fileEncoding = 4; lastKnownFileType = sourcecode.swift; path = TransactionService.swift; sourceTree = "<group>"; };
		835F4FAA2725CCB500CCD91D /* TokenService.swift */ = {isa = PBXFileReference; fileEncoding = 4; lastKnownFileType = sourcecode.swift; path = TokenService.swift; sourceTree = "<group>"; };
		835F4FAE2725CCFC00CCD91D /* Config.swift */ = {isa = PBXFileReference; fileEncoding = 4; lastKnownFileType = sourcecode.swift; path = Config.swift; sourceTree = "<group>"; };
		835F4FAF2725CCFC00CCD91D /* ScannerView.swift */ = {isa = PBXFileReference; fileEncoding = 4; lastKnownFileType = sourcecode.swift; path = ScannerView.swift; sourceTree = "<group>"; };
		835F4FB02725CCFC00CCD91D /* TransactionsView.swift */ = {isa = PBXFileReference; fileEncoding = 4; lastKnownFileType = sourcecode.swift; path = TransactionsView.swift; sourceTree = "<group>"; };
		835F4FB12725CCFC00CCD91D /* AccountView.swift */ = {isa = PBXFileReference; fileEncoding = 4; lastKnownFileType = sourcecode.swift; path = AccountView.swift; sourceTree = "<group>"; };
		835F4FB22725CCFC00CCD91D /* Authentication.swift */ = {isa = PBXFileReference; fileEncoding = 4; lastKnownFileType = sourcecode.swift; path = Authentication.swift; sourceTree = "<group>"; };
		835F4FB32725CCFC00CCD91D /* LommepengerApp.swift */ = {isa = PBXFileReference; fileEncoding = 4; lastKnownFileType = sourcecode.swift; path = LommepengerApp.swift; sourceTree = "<group>"; };
		835F4FC72725CF3100CCD91D /* ContentView.swift */ = {isa = PBXFileReference; fileEncoding = 4; lastKnownFileType = sourcecode.swift; path = ContentView.swift; sourceTree = "<group>"; };
/* End PBXFileReference section */

/* Begin PBXFrameworksBuildPhase section */
		835F4F932725CC7200CCD91D /* Frameworks */ = {
			isa = PBXFrameworksBuildPhase;
			buildActionMask = 2147483647;
			files = (
				835F4FC62725CEE600CCD91D /* KeychainSwift in Frameworks */,
				835F4FBF2725CD7200CCD91D /* CodeScanner in Frameworks */,
				835F4FBC2725CD5200CCD91D /* Alamofire in Frameworks */,
			);
			runOnlyForDeploymentPostprocessing = 0;
		};
/* End PBXFrameworksBuildPhase section */

/* Begin PBXGroup section */
		835F4F8D2725CC7200CCD91D = {
			isa = PBXGroup;
			children = (
				835F4F982725CC7200CCD91D /* Lommepenger */,
				835F4F972725CC7200CCD91D /* Products */,
			);
			sourceTree = "<group>";
		};
		835F4F972725CC7200CCD91D /* Products */ = {
			isa = PBXGroup;
			children = (
				835F4F962725CC7200CCD91D /* Lommepenger.app */,
			);
			name = Products;
			sourceTree = "<group>";
		};
		835F4F982725CC7200CCD91D /* Lommepenger */ = {
			isa = PBXGroup;
			children = (
				832D2C7B2725F57200635B2E /* Info.plist */,
				835F4FB12725CCFC00CCD91D /* AccountView.swift */,
				835F4FB22725CCFC00CCD91D /* Authentication.swift */,
				835F4FAE2725CCFC00CCD91D /* Config.swift */,
				835F4FC72725CF3100CCD91D /* ContentView.swift */,
				835F4FB32725CCFC00CCD91D /* LommepengerApp.swift */,
				835F4FAF2725CCFC00CCD91D /* ScannerView.swift */,
				835F4FB02725CCFC00CCD91D /* TransactionsView.swift */,
				835F4F9D2725CC7300CCD91D /* Assets.xcassets */,
				835F4F9F2725CC7300CCD91D /* Preview Content */,
				835F4FA72725CC7F00CCD91D /* Services */,
			);
			path = Lommepenger;
			sourceTree = "<group>";
		};
		835F4F9F2725CC7300CCD91D /* Preview Content */ = {
			isa = PBXGroup;
			children = (
				835F4FA02725CC7300CCD91D /* Preview Assets.xcassets */,
			);
			path = "Preview Content";
			sourceTree = "<group>";
		};
		835F4FA72725CC7F00CCD91D /* Services */ = {
			isa = PBXGroup;
			children = (
				835F4FA82725CCB500CCD91D /* AccountService.swift */,
				835F4FAA2725CCB500CCD91D /* TokenService.swift */,
				835F4FA92725CCB500CCD91D /* TransactionService.swift */,
			);
			path = Services;
			sourceTree = "<group>";
		};
/* End PBXGroup section */

/* Begin PBXNativeTarget section */
		835F4F952725CC7200CCD91D /* Lommepenger */ = {
			isa = PBXNativeTarget;
			buildConfigurationList = 835F4FA42725CC7300CCD91D /* Build configuration list for PBXNativeTarget "Lommepenger" */;
			buildPhases = (
				835F4F922725CC7200CCD91D /* Sources */,
				835F4F932725CC7200CCD91D /* Frameworks */,
				835F4F942725CC7200CCD91D /* Resources */,
			);
			buildRules = (
			);
			dependencies = (
			);
			name = Lommepenger;
			packageProductDependencies = (
				835F4FBB2725CD5200CCD91D /* Alamofire */,
				835F4FBE2725CD7200CCD91D /* CodeScanner */,
				835F4FC52725CEE600CCD91D /* KeychainSwift */,
			);
			productName = Lommepenger;
			productReference = 835F4F962725CC7200CCD91D /* Lommepenger.app */;
			productType = "com.apple.product-type.application";
		};
/* End PBXNativeTarget section */

/* Begin PBXProject section */
		835F4F8E2725CC7200CCD91D /* Project object */ = {
			isa = PBXProject;
			attributes = {
				BuildIndependentTargetsInParallel = 1;
				LastSwiftUpdateCheck = 1300;
				LastUpgradeCheck = 1300;
				TargetAttributes = {
					835F4F952725CC7200CCD91D = {
						CreatedOnToolsVersion = 13.0;
					};
				};
			};
			buildConfigurationList = 835F4F912725CC7200CCD91D /* Build configuration list for PBXProject "Lommepenger" */;
			compatibilityVersion = "Xcode 13.0";
			developmentRegion = en;
			hasScannedForEncodings = 0;
			knownRegions = (
				en,
				Base,
			);
			mainGroup = 835F4F8D2725CC7200CCD91D;
			packageReferences = (
				835F4FBA2725CD5200CCD91D /* XCRemoteSwiftPackageReference "Alamofire" */,
				835F4FBD2725CD7200CCD91D /* XCRemoteSwiftPackageReference "CodeScanner" */,
				835F4FC42725CEE600CCD91D /* XCRemoteSwiftPackageReference "keychain-swift" */,
			);
			productRefGroup = 835F4F972725CC7200CCD91D /* Products */;
			projectDirPath = "";
			projectRoot = "";
			targets = (
				835F4F952725CC7200CCD91D /* Lommepenger */,
			);
		};
/* End PBXProject section */

/* Begin PBXResourcesBuildPhase section */
		835F4F942725CC7200CCD91D /* Resources */ = {
			isa = PBXResourcesBuildPhase;
			buildActionMask = 2147483647;
			files = (
				835F4FA12725CC7300CCD91D /* Preview Assets.xcassets in Resources */,
				835F4F9E2725CC7300CCD91D /* Assets.xcassets in Resources */,
			);
			runOnlyForDeploymentPostprocessing = 0;
		};
/* End PBXResourcesBuildPhase section */

/* Begin PBXSourcesBuildPhase section */
		835F4F922725CC7200CCD91D /* Sources */ = {
			isa = PBXSourcesBuildPhase;
			buildActionMask = 2147483647;
			files = (
				835F4FAB2725CCB500CCD91D /* AccountService.swift in Sources */,
				835F4FB92725CCFC00CCD91D /* LommepengerApp.swift in Sources */,
				835F4FB42725CCFC00CCD91D /* Config.swift in Sources */,
				835F4FAC2725CCB500CCD91D /* TransactionService.swift in Sources */,
				835F4FAD2725CCB500CCD91D /* TokenService.swift in Sources */,
				835F4FB72725CCFC00CCD91D /* AccountView.swift in Sources */,
				835F4FC82725CF3100CCD91D /* ContentView.swift in Sources */,
				835F4FB52725CCFC00CCD91D /* ScannerView.swift in Sources */,
				835F4FB62725CCFC00CCD91D /* TransactionsView.swift in Sources */,
				835F4FB82725CCFC00CCD91D /* Authentication.swift in Sources */,
			);
			runOnlyForDeploymentPostprocessing = 0;
		};
/* End PBXSourcesBuildPhase section */

/* Begin XCBuildConfiguration section */
		835F4FA22725CC7300CCD91D /* Debug */ = {
			isa = XCBuildConfiguration;
			buildSettings = {
				ALWAYS_SEARCH_USER_PATHS = NO;
				CLANG_ANALYZER_NONNULL = YES;
				CLANG_ANALYZER_NUMBER_OBJECT_CONVERSION = YES_AGGRESSIVE;
				CLANG_CXX_LANGUAGE_STANDARD = "gnu++17";
				CLANG_CXX_LIBRARY = "libc++";
				CLANG_ENABLE_MODULES = YES;
				CLANG_ENABLE_OBJC_ARC = YES;
				CLANG_ENABLE_OBJC_WEAK = YES;
				CLANG_WARN_BLOCK_CAPTURE_AUTORELEASING = YES;
				CLANG_WARN_BOOL_CONVERSION = YES;
				CLANG_WARN_COMMA = YES;
				CLANG_WARN_CONSTANT_CONVERSION = YES;
				CLANG_WARN_DEPRECATED_OBJC_IMPLEMENTATIONS = YES;
				CLANG_WARN_DIRECT_OBJC_ISA_USAGE = YES_ERROR;
				CLANG_WARN_DOCUMENTATION_COMMENTS = YES;
				CLANG_WARN_EMPTY_BODY = YES;
				CLANG_WARN_ENUM_CONVERSION = YES;
				CLANG_WARN_INFINITE_RECURSION = YES;
				CLANG_WARN_INT_CONVERSION = YES;
				CLANG_WARN_NON_LITERAL_NULL_CONVERSION = YES;
				CLANG_WARN_OBJC_IMPLICIT_RETAIN_SELF = YES;
				CLANG_WARN_OBJC_LITERAL_CONVERSION = YES;
				CLANG_WARN_OBJC_ROOT_CLASS = YES_ERROR;
				CLANG_WARN_QUOTED_INCLUDE_IN_FRAMEWORK_HEADER = YES;
				CLANG_WARN_RANGE_LOOP_ANALYSIS = YES;
				CLANG_WARN_STRICT_PROTOTYPES = YES;
				CLANG_WARN_SUSPICIOUS_MOVE = YES;
				CLANG_WARN_UNGUARDED_AVAILABILITY = YES_AGGRESSIVE;
				CLANG_WARN_UNREACHABLE_CODE = YES;
				CLANG_WARN__DUPLICATE_METHOD_MATCH = YES;
				COPY_PHASE_STRIP = NO;
				DEBUG_INFORMATION_FORMAT = dwarf;
				DEVELOPMENT_TEAM = EL8Z296J47;
				ENABLE_STRICT_OBJC_MSGSEND = YES;
				ENABLE_TESTABILITY = YES;
				GCC_C_LANGUAGE_STANDARD = gnu11;
				GCC_DYNAMIC_NO_PIC = NO;
				GCC_NO_COMMON_BLOCKS = YES;
				GCC_OPTIMIZATION_LEVEL = 0;
				GCC_PREPROCESSOR_DEFINITIONS = (
					"DEBUG=1",
					"$(inherited)",
				);
				GCC_WARN_64_TO_32_BIT_CONVERSION = YES;
				GCC_WARN_ABOUT_RETURN_TYPE = YES_ERROR;
				GCC_WARN_UNDECLARED_SELECTOR = YES;
				GCC_WARN_UNINITIALIZED_AUTOS = YES_AGGRESSIVE;
				GCC_WARN_UNUSED_FUNCTION = YES;
				GCC_WARN_UNUSED_VARIABLE = YES;
				IPHONEOS_DEPLOYMENT_TARGET = 15.0;
				MTL_ENABLE_DEBUG_INFO = INCLUDE_SOURCE;
				MTL_FAST_MATH = YES;
				ONLY_ACTIVE_ARCH = YES;
				SDKROOT = iphoneos;
				SWIFT_ACTIVE_COMPILATION_CONDITIONS = DEBUG;
				SWIFT_OPTIMIZATION_LEVEL = "-Onone";
				SWIFT_VERSION = 5.0;
			};
			name = Debug;
		};
		835F4FA32725CC7300CCD91D /* Release */ = {
			isa = XCBuildConfiguration;
			buildSettings = {
				ALWAYS_SEARCH_USER_PATHS = NO;
				CLANG_ANALYZER_NONNULL = YES;
				CLANG_ANALYZER_NUMBER_OBJECT_CONVERSION = YES_AGGRESSIVE;
				CLANG_CXX_LANGUAGE_STANDARD = "gnu++17";
				CLANG_CXX_LIBRARY = "libc++";
				CLANG_ENABLE_MODULES = YES;
				CLANG_ENABLE_OBJC_ARC = YES;
				CLANG_ENABLE_OBJC_WEAK = YES;
				CLANG_WARN_BLOCK_CAPTURE_AUTORELEASING = YES;
				CLANG_WARN_BOOL_CONVERSION = YES;
				CLANG_WARN_COMMA = YES;
				CLANG_WARN_CONSTANT_CONVERSION = YES;
				CLANG_WARN_DEPRECATED_OBJC_IMPLEMENTATIONS = YES;
				CLANG_WARN_DIRECT_OBJC_ISA_USAGE = YES_ERROR;
				CLANG_WARN_DOCUMENTATION_COMMENTS = YES;
				CLANG_WARN_EMPTY_BODY = YES;
				CLANG_WARN_ENUM_CONVERSION = YES;
				CLANG_WARN_INFINITE_RECURSION = YES;
				CLANG_WARN_INT_CONVERSION = YES;
				CLANG_WARN_NON_LITERAL_NULL_CONVERSION = YES;
				CLANG_WARN_OBJC_IMPLICIT_RETAIN_SELF = YES;
				CLANG_WARN_OBJC_LITERAL_CONVERSION = YES;
				CLANG_WARN_OBJC_ROOT_CLASS = YES_ERROR;
				CLANG_WARN_QUOTED_INCLUDE_IN_FRAMEWORK_HEADER = YES;
				CLANG_WARN_RANGE_LOOP_ANALYSIS = YES;
				CLANG_WARN_STRICT_PROTOTYPES = YES;
				CLANG_WARN_SUSPICIOUS_MOVE = YES;
				CLANG_WARN_UNGUARDED_AVAILABILITY = YES_AGGRESSIVE;
				CLANG_WARN_UNREACHABLE_CODE = YES;
				CLANG_WARN__DUPLICATE_METHOD_MATCH = YES;
				COPY_PHASE_STRIP = NO;
				DEBUG_INFORMATION_FORMAT = "dwarf-with-dsym";
				DEVELOPMENT_TEAM = EL8Z296J47;
				ENABLE_NS_ASSERTIONS = NO;
				ENABLE_STRICT_OBJC_MSGSEND = YES;
				GCC_C_LANGUAGE_STANDARD = gnu11;
				GCC_NO_COMMON_BLOCKS = YES;
				GCC_WARN_64_TO_32_BIT_CONVERSION = YES;
				GCC_WARN_ABOUT_RETURN_TYPE = YES_ERROR;
				GCC_WARN_UNDECLARED_SELECTOR = YES;
				GCC_WARN_UNINITIALIZED_AUTOS = YES_AGGRESSIVE;
				GCC_WARN_UNUSED_FUNCTION = YES;
				GCC_WARN_UNUSED_VARIABLE = YES;
				IPHONEOS_DEPLOYMENT_TARGET = 15.0;
				MTL_ENABLE_DEBUG_INFO = NO;
				MTL_FAST_MATH = YES;
				SDKROOT = iphoneos;
				SWIFT_COMPILATION_MODE = wholemodule;
				SWIFT_OPTIMIZATION_LEVEL = "-O";
				SWIFT_VERSION = 5.0;
				VALIDATE_PRODUCT = YES;
			};
			name = Release;
		};
		835F4FA52725CC7300CCD91D /* Debug */ = {
			isa = XCBuildConfiguration;
			buildSettings = {
				ASSETCATALOG_COMPILER_APPICON_NAME = AppIcon;
				ASSETCATALOG_COMPILER_GLOBAL_ACCENT_COLOR_NAME = AccentColor;
				CODE_SIGN_STYLE = Automatic;
				CURRENT_PROJECT_VERSION = 1;
				DEVELOPMENT_ASSET_PATHS = "\"Lommepenger/Preview Content\"";
				DEVELOPMENT_TEAM = EL8Z296J47;
				ENABLE_PREVIEWS = YES;
				GENERATE_INFOPLIST_FILE = YES;
				INFOPLIST_FILE = Lommepenger/Info.plist;
				INFOPLIST_KEY_NSCameraUsageDescription = "QR Scanning";
				INFOPLIST_KEY_NSFaceIDUsageDescription = "Protection of account";
				INFOPLIST_KEY_UIApplicationSceneManifest_Generation = YES;
				INFOPLIST_KEY_UIApplicationSupportsIndirectInputEvents = YES;
				INFOPLIST_KEY_UILaunchScreen_Generation = YES;
				INFOPLIST_KEY_UISupportedInterfaceOrientations_iPad = "UIInterfaceOrientationPortrait UIInterfaceOrientationPortraitUpsideDown UIInterfaceOrientationLandscapeLeft UIInterfaceOrientationLandscapeRight";
				INFOPLIST_KEY_UISupportedInterfaceOrientations_iPhone = "UIInterfaceOrientationPortrait UIInterfaceOrientationLandscapeLeft UIInterfaceOrientationLandscapeRight";
				IPHONEOS_DEPLOYMENT_TARGET = 14.0;
				LD_RUNPATH_SEARCH_PATHS = (
					"$(inherited)",
					"@executable_path/Frameworks",
				);
				MARKETING_VERSION = 1.0;
				PRODUCT_BUNDLE_IDENTIFIER = net.chrissearle.Lommepenger;
				PRODUCT_NAME = "$(TARGET_NAME)";
				SWIFT_EMIT_LOC_STRINGS = YES;
				SWIFT_VERSION = 5.0;
				TARGETED_DEVICE_FAMILY = "1,2";
			};
			name = Debug;
		};
		835F4FA62725CC7300CCD91D /* Release */ = {
			isa = XCBuildConfiguration;
			buildSettings = {
				ASSETCATALOG_COMPILER_APPICON_NAME = AppIcon;
				ASSETCATALOG_COMPILER_GLOBAL_ACCENT_COLOR_NAME = AccentColor;
				CODE_SIGN_STYLE = Automatic;
				CURRENT_PROJECT_VERSION = 1;
				DEVELOPMENT_ASSET_PATHS = "\"Lommepenger/Preview Content\"";
				DEVELOPMENT_TEAM = EL8Z296J47;
				ENABLE_PREVIEWS = YES;
				GENERATE_INFOPLIST_FILE = YES;
				INFOPLIST_FILE = Lommepenger/Info.plist;
				INFOPLIST_KEY_NSCameraUsageDescription = "QR Scanning";
				INFOPLIST_KEY_NSFaceIDUsageDescription = "Protection of account";
				INFOPLIST_KEY_UIApplicationSceneManifest_Generation = YES;
				INFOPLIST_KEY_UIApplicationSupportsIndirectInputEvents = YES;
				INFOPLIST_KEY_UILaunchScreen_Generation = YES;
				INFOPLIST_KEY_UISupportedInterfaceOrientations_iPad = "UIInterfaceOrientationPortrait UIInterfaceOrientationPortraitUpsideDown UIInterfaceOrientationLandscapeLeft UIInterfaceOrientationLandscapeRight";
				INFOPLIST_KEY_UISupportedInterfaceOrientations_iPhone = "UIInterfaceOrientationPortrait UIInterfaceOrientationLandscapeLeft UIInterfaceOrientationLandscapeRight";
				IPHONEOS_DEPLOYMENT_TARGET = 14.0;
				LD_RUNPATH_SEARCH_PATHS = (
					"$(inherited)",
					"@executable_path/Frameworks",
				);
				MARKETING_VERSION = 1.0;
				PRODUCT_BUNDLE_IDENTIFIER = net.chrissearle.Lommepenger;
				PRODUCT_NAME = "$(TARGET_NAME)";
				SWIFT_EMIT_LOC_STRINGS = YES;
				SWIFT_VERSION = 5.0;
				TARGETED_DEVICE_FAMILY = "1,2";
			};
			name = Release;
		};
/* End XCBuildConfiguration section */

/* Begin XCConfigurationList section */
		835F4F912725CC7200CCD91D /* Build configuration list for PBXProject "Lommepenger" */ = {
			isa = XCConfigurationList;
			buildConfigurations = (
				835F4FA22725CC7300CCD91D /* Debug */,
				835F4FA32725CC7300CCD91D /* Release */,
			);
			defaultConfigurationIsVisible = 0;
			defaultConfigurationName = Release;
		};
		835F4FA42725CC7300CCD91D /* Build configuration list for PBXNativeTarget "Lommepenger" */ = {
			isa = XCConfigurationList;
			buildConfigurations = (
				835F4FA52725CC7300CCD91D /* Debug */,
				835F4FA62725CC7300CCD91D /* Release */,
			);
			defaultConfigurationIsVisible = 0;
			defaultConfigurationName = Release;
		};
/* End XCConfigurationList section */

/* Begin XCRemoteSwiftPackageReference section */
		835F4FBA2725CD5200CCD91D /* XCRemoteSwiftPackageReference "Alamofire" */ = {
			isa = XCRemoteSwiftPackageReference;
			repositoryURL = "https://github.com/Alamofire/Alamofire";
			requirement = {
				kind = upToNextMajorVersion;
				minimumVersion = 5.0.0;
			};
		};
		835F4FBD2725CD7200CCD91D /* XCRemoteSwiftPackageReference "CodeScanner" */ = {
			isa = XCRemoteSwiftPackageReference;
			repositoryURL = "https://github.com/twostraws/CodeScanner";
			requirement = {
				kind = upToNextMajorVersion;
				minimumVersion = 2.0.0;
			};
		};
		835F4FC42725CEE600CCD91D /* XCRemoteSwiftPackageReference "keychain-swift" */ = {
			isa = XCRemoteSwiftPackageReference;
			repositoryURL = "https://github.com/evgenyneu/keychain-swift";
			requirement = {
				branch = master;
				kind = branch;
			};
		};
/* End XCRemoteSwiftPackageReference section */

/* Begin XCSwiftPackageProductDependency section */
		835F4FBB2725CD5200CCD91D /* Alamofire */ = {
			isa = XCSwiftPackageProductDependency;
			package = 835F4FBA2725CD5200CCD91D /* XCRemoteSwiftPackageReference "Alamofire" */;
			productName = Alamofire;
		};
		835F4FBE2725CD7200CCD91D /* CodeScanner */ = {
			isa = XCSwiftPackageProductDependency;
			package = 835F4FBD2725CD7200CCD91D /* XCRemoteSwiftPackageReference "CodeScanner" */;
			productName = CodeScanner;
		};
		835F4FC52725CEE600CCD91D /* KeychainSwift */ = {
			isa = XCSwiftPackageProductDependency;
			package = 835F4FC42725CEE600CCD91D /* XCRemoteSwiftPackageReference "keychain-swift" */;
			productName = KeychainSwift;
		};
/* End XCSwiftPackageProductDependency section */
	};
	rootObject = 835F4F8E2725CC7200CCD91D /* Project object */;
}
